{
    "_meta": {
        "hash": {
            "sha256": "e4b8e6b6319460f6232f7e933113cc166e12b8a4a6b5eab0ca1a0481689accb5"
        },
        "pipfile-spec": 6,
        "requires": {},
        "sources": [
            {
                "name": "pypi",
                "url": "https://pypi.org/simple",
                "verify_ssl": true
            }
        ]
    },
    "default": {
        "argh": {
            "hashes": [
                "sha256:8cca1201af8c15b7e77577ecddbca7cc867f943cb0bd2fb5c38461662b1aa80b"
            ],
            "index": "pypi",
            "version": "==0.15.1"
        },
        "click": {
            "hashes": [
                "sha256:cc6a19da8ebff6e7074f731447ef7e112bd23adf3de5c597cf9989f2fd8defe9",
                "sha256:fcf697e1fd4b567d817c69dab10a4035937fe6af175c05fd6806b69f74cbc6c4"
            ],
            "index": "pypi",
            "version": "==6.6"
        },
        "flask": {
            "hashes": [
                "sha256:0f431076a50908f0484dcddd0f2fd0241129ef9ca1876799b3ebe14d823f60de",
                "sha256:74bb782687731332b86aa8ab0817be14c9e63e5fa837934de8be4f9236d6d0d2"
            ],
            "index": "pypi",
            "version": "==0.12.3"
        },
        "flask-assets": {
            "hashes": [
                "sha256:6031527b89fb3509d1581d932affa5a79dd348cfffb58d0aef99a43461d47847"
            ],
            "index": "pypi",
            "version": "==0.12"
        },
        "flask-flatpages": {
            "hashes": [
                "sha256:8a35eaf8b3ccb111a3d634e64f56853e22d2d8017928497af323df6557ad142a",
                "sha256:b52d502579a0903c8660816a77c17f61f5cb526b5091fbe910a2ee17d2063bf2"
            ],
            "index": "pypi",
            "version": "==0.6"
        },
        "flask-markdown": {
            "hashes": [
                "sha256:d8c3f02545b395ad525b86760ad721a2c50efa3b8e602a8d486a1f47f68c6250"
            ],
            "index": "pypi",
            "version": "==0.3"
        },
        "frozen-flask": {
            "hashes": [
                "sha256:da3bad5caf789bc1133e6ad5ba325c0378c8d4405c4e4a810c984fa76c0a3151",
                "sha256:ed5f92fd7581ea2b26381a08ed0001ca24986bc953bc29a01a7df1fd35782662"
            ],
            "index": "pypi",
            "version": "==0.13"
        },
        "itsdangerous": {
            "hashes": [
                "sha256:cbb3fcf8d3e33df861709ecaf89d9e6629cff0a217bc2848f1b41cd30d360519"
            ],
            "index": "pypi",
            "version": "==0.24"
        },
        "jinja2": {
            "hashes": [
                "sha256:1cc03ef32b64be19e0a5b54578dd790906a34943fe9102cfdae0d4495bd536b4",
                "sha256:bc1ff2ff88dbfacefde4ddde471d1417d3b304e8df103a7a9437d47269201bf4"
            ],
            "index": "pypi",
            "version": "==2.8"
        },
        "markdown": {
            "hashes": [
                "sha256:61169c455b0e541ac8b6d0cac33c785f14d486b4b24f28a58d63faeec6f2d0a8",
                "sha256:daebf24846efa7ff269cfde8c41a48bb2303920c7b2c7c5e04fa82e6282d05c0"
            ],
            "index": "pypi",
            "version": "==2.6.7"
        },
        "markupsafe": {
            "hashes": [
                "sha256:a4ec1aff59b95a14b45eb2e23761a0179e98319da5a7eb76b56ea8cdc7b871c3"
            ],
            "index": "pypi",
            "version": "==0.23"
        },
        "pillow": {
            "hashes": [
                "sha256:0142d0508315428014badb00325742e2e3d90339734f58ddaa072f9ec15420c4",
                "sha256:0ee9975c05602e755ff5000232e0335ba30d507f6261922a658ee11b1cec36d1",
                "sha256:3e1b1993e65bb40e9751ba7d00acb57ad954687bcadf14cbca9e8faeb57af4d2",
                "sha256:61b082064279d26dd292a4ced8d7a25fb8aea488dde9d71928ffc1c4f898cfcb",
                "sha256:6831afdd1e5542faf5c197b2d535be2c95976778cd658c96276220d3c1a3f526",
                "sha256:75a8fed85ca8e4ba87662f41563c7bb0c2c02b31739db132d8bfda2cdce9163f",
                "sha256:78667f7252947a72c2dc439593d369ec7ec2f1f4443d73239ae196797fbd8e0b",
                "sha256:85b237840ad8b30a1572bf9e3898a26c77910a56554d73ed4f58a42197c2e4c2",
                "sha256:89f6b6e2ea7bcb842512a1c8168e0adf75de2ed64331971d5b65911e0313ea93",
                "sha256:8ffabd1e2ee44be964b3f4df982a4be6ca29e93159c744f4b1a6519edf366bce",
                "sha256:963aa56368688280f22c1f21e2b23992424f7cfe167f0ec300eb6453f03d6a49",
                "sha256:979ca0d32b932fdd0ca9e3ec842e4bead6bba80612b45c7d77639d96d3453c7a",
                "sha256:a44ed4fd02dde15d1968fb5bc732427d3e179f93cc8420927423a308d30040a1",
                "sha256:a922540cc5881d3006d272e3ffdb693414a7e9bca2fa9443309cdd23eca0651c",
                "sha256:b1dbc2d8a11505eea4537d43db20daa42b96126214cc4e291db73da174f23821",
                "sha256:b28e94dfe4cfec91b1f9b6b07103f0dc18d195152499f936df7b7a6f0aa2ff67",
                "sha256:bbbe42e9c2fb41bb78cfa6801880da29730836bc8e65eb6d8af5b7aa027a7151",
                "sha256:be94b72de31747891c0a8cd45ab60e344f510f3f9f040fd55f1e25c0ddb6322c",
                "sha256:c53c3d1a72d84f460091613894d4b610914acd874dcfcf74cbbd03970bdfa289",
                "sha256:d94d5b6759be9401a23d8b8dcea8114d0d84aa2f2995886baa9923a8de2c78db",
                "sha256:df68a56ff419eecb2a634f3acd735bd57bfbc31244efd18e822ac01cf9e31795",
                "sha256:f9d2dd1c7007a97eb2832bcc30798bea181176b248d7362b6033d1c97e83c355",
                "sha256:fbb384b0936c9e71c5456707699e0fcdf6ce1004c08766463b8f48035651eea3",
                "sha256:fdc641ac432115e35d31441dbb253b016beea467dff402259d74b4df5e5f0f63"
            ],
            "index": "pypi",
            "version": "==3.4.2"
        },
        "pyyaml": {
            "hashes": [
                "sha256:1adecc22f88d38052fb787d959f003811ca858b799590a5eaa70e63dca50308c",
                "sha256:436bc774ecf7c103814098159fbb84c2715d25980175292c648f2da143909f95",
                "sha256:460a5a4248763f6f37ea225d19d5c205677d8d525f6a83357ca622ed541830c2",
                "sha256:5a22a9c84653debfbf198d02fe592c176ea548cccce47553f35f466e15cf2fd4",
                "sha256:7a5d3f26b89d688db27822343dfa25c599627bc92093e788956372285c6298ad",
                "sha256:9372b04a02080752d9e6f990179a4ab840227c6e2ce15b95e1278456664cf2ba",
                "sha256:a5dcbebee834eaddf3fa7366316b880ff4062e4bcc9787b78c7fbb4a26ff2dd1",
                "sha256:aee5bab92a176e7cd034e57f46e9df9a9862a71f8f37cad167c6fc74c65f5b4e",
                "sha256:c51f642898c0bacd335fc119da60baae0824f2cde95b0330b56c0553439f0673",
                "sha256:c68ea4d3ba1705da1e0d85da6684ac657912679a649e8868bd850d2c299cce13",
                "sha256:e23d0cc5299223dcc37885dae624f382297717e459ea24053709675a976a3e19"
            ],
            "version": "==5.1"
        },
        "webassets": {
            "hashes": [
                "sha256:99d10b11f342cf2692ad3451f121c5302acee8144df32005c6f1305d541fa192"
            ],
            "index": "pypi",
            "version": "==0.12.0"
        },
        "werkzeug": {
            "hashes": [
                "sha256:e72c46bc14405cba7a26bd2ce28df734471bc9016bc8b4cb69466c2c14c2f7e5",
                "sha256:eb3108af06aed08fb2f4fc883f2adf04c8f4997f6368517591b2becf15ae0da2"
            ],
            "index": "pypi",
            "version": "==0.11.11"
        }
    },
    "develop": {
        "configparser": {
            "hashes": [
                "sha256:8be81d89d6e7b4c0d4e44bcc525845f6da25821de80cb5e06e7e0238a2899e32",
                "sha256:da60d0014fd8c55eb48c1c5354352e363e2d30bbf7057e5e171a468390184c75"
            ],
            "markers": "python_version < '3.2'",
            "version": "==3.7.4"
        },
        "entrypoints": {
            "hashes": [
                "sha256:589f874b313739ad35be6e0cd7efde2a4e9b6fea91edcc34e58ecbb8dbe56d19",
                "sha256:c70dd71abe5a8c85e55e12c19bd91ccfeec11a6e99044204511f9ed547d48451"
            ],
            "version": "==0.3"
        },
        "enum34": {
            "hashes": [
                "sha256:2d81cbbe0e73112bdfe6ef8576f2238f2ba27dd0d55752a776c41d38b7da2850",
                "sha256:644837f692e5f550741432dd3f223bbb9852018674981b1664e5dc339387588a",
                "sha256:6bd0f6ad48ec2aa117d3d141940d484deccda84d4fcd884f5c3d93c23ecd8c79",
                "sha256:8ad8c4783bf61ded74527bffb48ed9b54166685e4230386a9ed9b1279e2df5b1"
            ],
            "markers": "python_version < '3.4'",
            "version": "==1.1.6"
        },
        "flake8": {
            "hashes": [
                "sha256:859996073f341f2670741b51ec1e67a01da142831aa1fdc6242dbf88dffbe661",
                "sha256:a796a115208f5c03b18f332f7c11729812c8c3ded6c46319c59b53efd3819da8"
            ],
            "index": "pypi",
            "version": "==3.7.7"
        },
        "functools32": {
            "hashes": [
                "sha256:89d824aa6c358c421a234d7f9ee0bd75933a67c29588ce50aaa3acdf4d403fa0",
                "sha256:f6253dfbe0538ad2e387bd8fdfd9293c925d63553f5813c4e587745416501e6d"
            ],
            "markers": "python_version < '3.2'",
            "version": "==3.2.3.post2"
        },
        "mccabe": {
            "hashes": [
                "sha256:ab8a6258860da4b6677da4bd2fe5dc2c659cff31b3ee4f7f5d64e79735b80d42",
                "sha256:dd8d182285a0fe56bace7f45b5e7d1a6ebcbf524e8f3bd87eb0f125271b8831f"
            ],
            "version": "==0.6.1"
        },
        "pycodestyle": {
            "hashes": [
                "sha256:95a2219d12372f05704562a14ec30bc76b05a5b297b21a5dfe3f6fac3491ae56",
                "sha256:e40a936c9a450ad81df37f549d676d127b1b66000a6c500caa2b085bc0ca976c"
            ],
            "version": "==2.5.0"
        },
        "pyflakes": {
            "hashes": [
                "sha256:17dbeb2e3f4d772725c777fabc446d5634d1038f234e77343108ce445ea69ce0",
                "sha256:d976835886f8c5b31d47970ed689944a0262b5f3afa00a5a7b4dc81e5449f8a2"
            ],
            "version": "==2.1.1"
        },
        "typing": {
            "hashes": [
                "sha256:4027c5f6127a6267a435201981ba156de91ad0d1d98e9ddc2aa173453453492d",
                "sha256:57dcf675a99b74d64dacf6fba08fb17cf7e3d5fdff53d4a30ea2a5e7e52543d4",
                "sha256:a4c8473ce11a65999c8f59cb093e70686b6c84c98df58c1dae9b3b196089858a"
            ],
            "markers": "python_version < '3.5'",
            "version": "==3.6.6"
        }
    }
}
